<?xml version="1.0" encoding="utf-8"?>
<Project ToolsVersion="4.0" xmlns="http://schemas.microsoft.com/developer/msbuild/2003">
  <ItemGroup>
    <ClInclude Include="Include\Fuel.hpp">
      <Filter>Header Files</Filter>
    </ClInclude>
    <ClInclude Include="Include\InternalsPlugin.hpp">
      <Filter>Header Files</Filter>
    </ClInclude>
    <ClInclude Include="Include\PluginObjects.hpp">
      <Filter>Header Files</Filter>
    </ClInclude>
    <ClInclude Include="Include\VHUD.hpp">
      <Filter>Header Files</Filter>
    </ClInclude>
    <ClInclude Include="Include\Menu.hpp">
      <Filter>Header Files</Filter>
    </ClInclude>
    <ClInclude Include="Include\Cursor.hpp">
      <Filter>Header Files</Filter>
    </ClInclude>
    <ClInclude Include="Include\Tyres.hpp">
      <Filter>Header Files</Filter>
    </ClInclude>
    <ClInclude Include="Include\Engine.hpp">
      <Filter>Header Files</Filter>
    </ClInclude>
    <ClInclude Include="Include\Rain.hpp">
      <Filter>Header Files</Filter>
    </ClInclude>
    <ClInclude Include="Include\Inputs.hpp">
      <Filter>Header Files</Filter>
    </ClInclude>
    <ClInclude Include="Include\FPSMeter.hpp">
      <Filter>Header Files</Filter>
    </ClInclude>
    <ClInclude Include="Include\StartingLights.hpp">
      <Filter>Header Files</Filter>
    </ClInclude>
    <ClInclude Include="Include\Defaults.hpp">
      <Filter>Header Files</Filter>
    </ClInclude>
  </ItemGroup>
  <ItemGroup>
    <Filter Include="Sourse Files">
      <UniqueIdentifier>{1b20b04a-7660-4105-a306-4da44f4ea82e}</UniqueIdentifier>
      <Extensions>cpp</Extensions>
    </Filter>
    <Filter Include="Header Files">
      <UniqueIdentifier>{9d776f1b-0f2e-43f1-a7a4-f881b6b3a825}</UniqueIdentifier>
      <Extensions>hpp</Extensions>
    </Filter>
  </ItemGroup>
  <ItemGroup>
    <ClCompile Include="Source\Fuel.cpp">
      <Filter>Sourse Files</Filter>
    </ClCompile>
    <ClCompile Include="Source\VHUD.cpp">
      <Filter>Sourse Files</Filter>
    </ClCompile>
    <ClCompile Include="Source\Menu.cpp">
      <Filter>Sourse Files</Filter>
    </ClCompile>
    <ClCompile Include="Source\Cursor.cpp">
      <Filter>Sourse Files</Filter>
    </ClCompile>
    <ClCompile Include="Source\Tyres.cpp">
      <Filter>Sourse Files</Filter>
    </ClCompile>
    <ClCompile Include="Source\Engine.cpp">
      <Filter>Sourse Files</Filter>
    </ClCompile>
    <ClCompile Include="Source\Rain.cpp">
      <Filter>Sourse Files</Filter>
    </ClCompile>
    <ClCompile Include="Source\Inputs.cpp">
      <Filter>Sourse Files</Filter>
    </ClCompile>
    <ClCompile Include="Source\FPSMeter.cpp">
      <Filter>Sourse Files</Filter>
    </ClCompile>
    <ClCompile Include="Source\StartingLights.cpp">
      <Filter>Sourse Files</Filter>
    </ClCompile>
  </ItemGroup>
</Project>